// !$*UTF8*$!
{
	archiveVersion = 1;
	classes = {
	};
	objectVersion = 46;
	objects = {

/* Begin PBXBuildFile section */
		779D33A6135BA5C100FE515D /* MainViewController.rb in Resources */ = {isa = PBXBuildFile; fileRef = 779D33A5135BA5C100FE515D /* MainViewController.rb */; };
		779D33A8135BA6CA00FE515D /* MainViewController.xib in Resources */ = {isa = PBXBuildFile; fileRef = 779D33A7135BA6CA00FE515D /* MainViewController.xib */; };
		779D33AE135BDFBC00FE515D /* AppState.rb in Resources */ = {isa = PBXBuildFile; fileRef = 779D33AD135BDFBC00FE515D /* AppState.rb */; };
		779D33B0135BE03700FE515D /* RackApplication.rb in Resources */ = {isa = PBXBuildFile; fileRef = 779D33AF135BE03700FE515D /* RackApplication.rb */; };
		779D33B3135BEB0600FE515D /* NSViewMixin.rb in Resources */ = {isa = PBXBuildFile; fileRef = 779D33B2135BEB0600FE515D /* NSViewMixin.rb */; };
		77BDB941135D4BC3009388DE /* jalist.bridgesupport in Resources */ = {isa = PBXBuildFile; fileRef = 77BDB940135D4BC3009388DE /* jalist.bridgesupport */; };
		77CD7F58135C6EE200A59E03 /* Quartz.framework in Frameworks */ = {isa = PBXBuildFile; fileRef = 77CD7F57135C6EE200A59E03 /* Quartz.framework */; };
		77CD7F5C135C702300A59E03 /* ApplicationListItemView.xib in Resources */ = {isa = PBXBuildFile; fileRef = 77CD7F5B135C702300A59E03 /* ApplicationListItemView.xib */; };
		77D91A4D135E85E000CDD4CC /* JAEdgeInsets.h in Headers */ = {isa = PBXBuildFile; fileRef = 77EBE729135D43A300CDA456 /* JAEdgeInsets.h */; };
		77D91A4E135E85E000CDD4CC /* JAListView.h in Headers */ = {isa = PBXBuildFile; fileRef = 77EBE72A135D43A300CDA456 /* JAListView.h */; };
		77D91A4F135E85E000CDD4CC /* JAListView.m in Sources */ = {isa = PBXBuildFile; fileRef = 77EBE72B135D43A300CDA456 /* JAListView.m */; };
		77D91A50135E85E000CDD4CC /* JAListViewItem.h in Headers */ = {isa = PBXBuildFile; fileRef = 77EBE72C135D43A300CDA456 /* JAListViewItem.h */; };
		77D91A51135E85E000CDD4CC /* JAListViewItem.m in Sources */ = {isa = PBXBuildFile; fileRef = 77EBE72D135D43A300CDA456 /* JAListViewItem.m */; };
		77D91A52135E85E000CDD4CC /* JAObjectListView.h in Headers */ = {isa = PBXBuildFile; fileRef = 77EBE72E135D43A300CDA456 /* JAObjectListView.h */; };
		77D91A53135E85E000CDD4CC /* JAObjectListView.m in Sources */ = {isa = PBXBuildFile; fileRef = 77EBE72F135D43A300CDA456 /* JAObjectListView.m */; };
		77D91A54135E85E000CDD4CC /* JAObjectListViewItem.h in Headers */ = {isa = PBXBuildFile; fileRef = 77EBE730135D43A300CDA456 /* JAObjectListViewItem.h */; };
		77D91A55135E85E000CDD4CC /* JAObjectListViewItem.m in Sources */ = {isa = PBXBuildFile; fileRef = 77EBE731135D43A300CDA456 /* JAObjectListViewItem.m */; };
		77D91A56135E85E000CDD4CC /* JASectionedListView.h in Headers */ = {isa = PBXBuildFile; fileRef = 77EBE732135D43A300CDA456 /* JASectionedListView.h */; };
		77D91A57135E85E000CDD4CC /* JASectionedListView.m in Sources */ = {isa = PBXBuildFile; fileRef = 77EBE733135D43A300CDA456 /* JASectionedListView.m */; };
		77D91A58135E85E000CDD4CC /* NSIndexPath+JAListViewExtensions.h in Headers */ = {isa = PBXBuildFile; fileRef = 77EBE734135D43A300CDA456 /* NSIndexPath+JAListViewExtensions.h */; };
		77D91A59135E85E000CDD4CC /* NSIndexPath+JAListViewExtensions.m in Sources */ = {isa = PBXBuildFile; fileRef = 77EBE735135D43A300CDA456 /* NSIndexPath+JAListViewExtensions.m */; };
		77D91A63135E877100CDD4CC /* ApplicationListItemView.rb in Resources */ = {isa = PBXBuildFile; fileRef = 77D91A62135E877100CDD4CC /* ApplicationListItemView.rb */; };
		77D91A65135E995E00CDD4CC /* ApplicationListHeaderView.rb in Resources */ = {isa = PBXBuildFile; fileRef = 77D91A64135E995E00CDD4CC /* ApplicationListHeaderView.rb */; };
		77D91A67135E99A700CDD4CC /* ApplicationListHeaderView.xib in Resources */ = {isa = PBXBuildFile; fileRef = 77D91A66135E99A700CDD4CC /* ApplicationListHeaderView.xib */; };
		77DBCADD135B9A8A00A8BB0E /* Cocoa.framework in Frameworks */ = {isa = PBXBuildFile; fileRef = 77DBCADC135B9A8A00A8BB0E /* Cocoa.framework */; };
		77DBCADF135B9A8A00A8BB0E /* MacRuby.framework in Frameworks */ = {isa = PBXBuildFile; fileRef = 77DBCADE135B9A8A00A8BB0E /* MacRuby.framework */; };
		77DBCAE6135B9A8A00A8BB0E /* InfoPlist.strings in Resources */ = {isa = PBXBuildFile; fileRef = 77DBCAE4135B9A8A00A8BB0E /* InfoPlist.strings */; };
		77DBCAE9135B9A8A00A8BB0E /* main.m in Sources */ = {isa = PBXBuildFile; fileRef = 77DBCAE8135B9A8A00A8BB0E /* main.m */; };
		77DBCAED135B9A8A00A8BB0E /* MainMenu.xib in Resources */ = {isa = PBXBuildFile; fileRef = 77DBCAEB135B9A8A00A8BB0E /* MainMenu.xib */; };
		77DBCAF0135B9A8A00A8BB0E /* rb_main.rb in Resources */ = {isa = PBXBuildFile; fileRef = 77DBCAEF135B9A8A00A8BB0E /* rb_main.rb */; };
		77DBCAF2135B9A8A00A8BB0E /* AppDelegate.rb in Resources */ = {isa = PBXBuildFile; fileRef = 77DBCAF1135B9A8A00A8BB0E /* AppDelegate.rb */; };
/* End PBXBuildFile section */

/* Begin PBXFileReference section */
		779D33A5135BA5C100FE515D /* MainViewController.rb */ = {isa = PBXFileReference; fileEncoding = 4; lastKnownFileType = text.script.ruby; path = MainViewController.rb; sourceTree = "<group>"; };
		779D33A7135BA6CA00FE515D /* MainViewController.xib */ = {isa = PBXFileReference; fileEncoding = 4; lastKnownFileType = file.xib; path = MainViewController.xib; sourceTree = "<group>"; };
		779D33AD135BDFBC00FE515D /* AppState.rb */ = {isa = PBXFileReference; fileEncoding = 4; lastKnownFileType = text.script.ruby; path = AppState.rb; sourceTree = "<group>"; };
		779D33AF135BE03700FE515D /* RackApplication.rb */ = {isa = PBXFileReference; fileEncoding = 4; lastKnownFileType = text.script.ruby; path = RackApplication.rb; sourceTree = "<group>"; };
		779D33B2135BEB0600FE515D /* NSViewMixin.rb */ = {isa = PBXFileReference; fileEncoding = 4; lastKnownFileType = text.script.ruby; path = NSViewMixin.rb; sourceTree = "<group>"; };
		77BDB940135D4BC3009388DE /* jalist.bridgesupport */ = {isa = PBXFileReference; fileEncoding = 4; lastKnownFileType = text.xml; path = jalist.bridgesupport; sourceTree = "<group>"; };
		77CD7F57135C6EE200A59E03 /* Quartz.framework */ = {isa = PBXFileReference; lastKnownFileType = wrapper.framework; name = Quartz.framework; path = System/Library/Frameworks/Quartz.framework; sourceTree = SDKROOT; };
		77CD7F5B135C702300A59E03 /* ApplicationListItemView.xib */ = {isa = PBXFileReference; fileEncoding = 4; lastKnownFileType = file.xib; path = ApplicationListItemView.xib; sourceTree = "<group>"; };
		77D91A62135E877100CDD4CC /* ApplicationListItemView.rb */ = {isa = PBXFileReference; fileEncoding = 4; lastKnownFileType = text.script.ruby; path = ApplicationListItemView.rb; sourceTree = "<group>"; };
		77D91A64135E995E00CDD4CC /* ApplicationListHeaderView.rb */ = {isa = PBXFileReference; fileEncoding = 4; lastKnownFileType = text.script.ruby; path = ApplicationListHeaderView.rb; sourceTree = "<group>"; };
		77D91A66135E99A700CDD4CC /* ApplicationListHeaderView.xib */ = {isa = PBXFileReference; fileEncoding = 4; lastKnownFileType = file.xib; path = ApplicationListHeaderView.xib; sourceTree = "<group>"; };
		77DBCAD8135B9A8A00A8BB0E /* Zap.app */ = {isa = PBXFileReference; explicitFileType = wrapper.application; includeInIndex = 0; path = Zap.app; sourceTree = BUILT_PRODUCTS_DIR; };
		77DBCADC135B9A8A00A8BB0E /* Cocoa.framework */ = {isa = PBXFileReference; lastKnownFileType = wrapper.framework; name = Cocoa.framework; path = System/Library/Frameworks/Cocoa.framework; sourceTree = SDKROOT; };
		77DBCADE135B9A8A00A8BB0E /* MacRuby.framework */ = {isa = PBXFileReference; lastKnownFileType = wrapper.framework; name = MacRuby.framework; path = System/Library/Frameworks/MacRuby.framework; sourceTree = SDKROOT; };
		77DBCAE3135B9A8A00A8BB0E /* Zap-Info.plist */ = {isa = PBXFileReference; lastKnownFileType = text.plist.xml; path = "Zap-Info.plist"; sourceTree = "<group>"; };
		77DBCAE5135B9A8A00A8BB0E /* en */ = {isa = PBXFileReference; lastKnownFileType = text.plist.strings; name = en; path = en.lproj/InfoPlist.strings; sourceTree = "<group>"; };
		77DBCAE7135B9A8A00A8BB0E /* Zap-Prefix.pch */ = {isa = PBXFileReference; lastKnownFileType = sourcecode.c.h; path = "Zap-Prefix.pch"; sourceTree = "<group>"; };
		77DBCAE8135B9A8A00A8BB0E /* main.m */ = {isa = PBXFileReference; lastKnownFileType = sourcecode.c.objc; path = main.m; sourceTree = "<group>"; };
		77DBCAEC135B9A8A00A8BB0E /* en */ = {isa = PBXFileReference; lastKnownFileType = file.xib; name = en; path = en.lproj/MainMenu.xib; sourceTree = "<group>"; };
		77DBCAEF135B9A8A00A8BB0E /* rb_main.rb */ = {isa = PBXFileReference; lastKnownFileType = text.script.ruby; path = rb_main.rb; sourceTree = "<group>"; };
		77DBCAF1135B9A8A00A8BB0E /* AppDelegate.rb */ = {isa = PBXFileReference; lastKnownFileType = text.script.ruby; path = AppDelegate.rb; sourceTree = "<group>"; };
		77EBE71B135D434300CDA456 /* AppKit.framework */ = {isa = PBXFileReference; lastKnownFileType = wrapper.framework; name = AppKit.framework; path = System/Library/Frameworks/AppKit.framework; sourceTree = SDKROOT; };
		77EBE71C135D434300CDA456 /* CoreData.framework */ = {isa = PBXFileReference; lastKnownFileType = wrapper.framework; name = CoreData.framework; path = System/Library/Frameworks/CoreData.framework; sourceTree = SDKROOT; };
		77EBE71D135D434300CDA456 /* Foundation.framework */ = {isa = PBXFileReference; lastKnownFileType = wrapper.framework; name = Foundation.framework; path = System/Library/Frameworks/Foundation.framework; sourceTree = SDKROOT; };
		77EBE729135D43A300CDA456 /* JAEdgeInsets.h */ = {isa = PBXFileReference; fileEncoding = 4; lastKnownFileType = sourcecode.c.h; path = JAEdgeInsets.h; sourceTree = "<group>"; };
		77EBE72A135D43A300CDA456 /* JAListView.h */ = {isa = PBXFileReference; fileEncoding = 4; lastKnownFileType = sourcecode.c.h; path = JAListView.h; sourceTree = "<group>"; };
		77EBE72B135D43A300CDA456 /* JAListView.m */ = {isa = PBXFileReference; fileEncoding = 4; lastKnownFileType = sourcecode.c.objc; path = JAListView.m; sourceTree = "<group>"; };
		77EBE72C135D43A300CDA456 /* JAListViewItem.h */ = {isa = PBXFileReference; fileEncoding = 4; lastKnownFileType = sourcecode.c.h; path = JAListViewItem.h; sourceTree = "<group>"; };
		77EBE72D135D43A300CDA456 /* JAListViewItem.m */ = {isa = PBXFileReference; fileEncoding = 4; lastKnownFileType = sourcecode.c.objc; path = JAListViewItem.m; sourceTree = "<group>"; };
		77EBE72E135D43A300CDA456 /* JAObjectListView.h */ = {isa = PBXFileReference; fileEncoding = 4; lastKnownFileType = sourcecode.c.h; path = JAObjectListView.h; sourceTree = "<group>"; };
		77EBE72F135D43A300CDA456 /* JAObjectListView.m */ = {isa = PBXFileReference; fileEncoding = 4; lastKnownFileType = sourcecode.c.objc; path = JAObjectListView.m; sourceTree = "<group>"; };
		77EBE730135D43A300CDA456 /* JAObjectListViewItem.h */ = {isa = PBXFileReference; fileEncoding = 4; lastKnownFileType = sourcecode.c.h; path = JAObjectListViewItem.h; sourceTree = "<group>"; };
		77EBE731135D43A300CDA456 /* JAObjectListViewItem.m */ = {isa = PBXFileReference; fileEncoding = 4; lastKnownFileType = sourcecode.c.objc; path = JAObjectListViewItem.m; sourceTree = "<group>"; };
		77EBE732135D43A300CDA456 /* JASectionedListView.h */ = {isa = PBXFileReference; fileEncoding = 4; lastKnownFileType = sourcecode.c.h; path = JASectionedListView.h; sourceTree = "<group>"; };
		77EBE733135D43A300CDA456 /* JASectionedListView.m */ = {isa = PBXFileReference; fileEncoding = 4; lastKnownFileType = sourcecode.c.objc; path = JASectionedListView.m; sourceTree = "<group>"; };
		77EBE734135D43A300CDA456 /* NSIndexPath+JAListViewExtensions.h */ = {isa = PBXFileReference; fileEncoding = 4; lastKnownFileType = sourcecode.c.h; path = "NSIndexPath+JAListViewExtensions.h"; sourceTree = "<group>"; };
		77EBE735135D43A300CDA456 /* NSIndexPath+JAListViewExtensions.m */ = {isa = PBXFileReference; fileEncoding = 4; lastKnownFileType = sourcecode.c.objc; path = "NSIndexPath+JAListViewExtensions.m"; sourceTree = "<group>"; };
/* End PBXFileReference section */

/* Begin PBXFrameworksBuildPhase section */
		77DBCAD5135B9A8A00A8BB0E /* Frameworks */ = {
			isa = PBXFrameworksBuildPhase;
			buildActionMask = 2147483647;
			files = (
				77CD7F58135C6EE200A59E03 /* Quartz.framework in Frameworks */,
				77DBCADD135B9A8A00A8BB0E /* Cocoa.framework in Frameworks */,
				77DBCADF135B9A8A00A8BB0E /* MacRuby.framework in Frameworks */,
			);
			runOnlyForDeploymentPostprocessing = 0;
		};
/* End PBXFrameworksBuildPhase section */

/* Begin PBXGroup section */
		779D33A0135B9E1A00FE515D /* Controller */ = {
			isa = PBXGroup;
			children = (
				779D33A5135BA5C100FE515D /* MainViewController.rb */,
				779D33A7135BA6CA00FE515D /* MainViewController.xib */,
			);
			name = Controller;
			sourceTree = "<group>";
		};
		779D33AC135BDF9900FE515D /* Model */ = {
			isa = PBXGroup;
			children = (
				779D33AD135BDFBC00FE515D /* AppState.rb */,
				779D33AF135BE03700FE515D /* RackApplication.rb */,
			);
			name = Model;
			sourceTree = "<group>";
		};
		779D33B1135BEAE900FE515D /* Mixin */ = {
			isa = PBXGroup;
			children = (
				779D33B2135BEB0600FE515D /* NSViewMixin.rb */,
			);
			name = Mixin;
			sourceTree = "<group>";
		};
		779D33B4135BEDE500FE515D /* View */ = {
			isa = PBXGroup;
			children = (
				77CD7F5B135C702300A59E03 /* ApplicationListItemView.xib */,
				77D91A62135E877100CDD4CC /* ApplicationListItemView.rb */,
				77D91A64135E995E00CDD4CC /* ApplicationListHeaderView.rb */,
				77D91A66135E99A700CDD4CC /* ApplicationListHeaderView.xib */,
			);
			name = View;
			sourceTree = "<group>";
		};
		77DBCACD135B9A8A00A8BB0E = {
			isa = PBXGroup;
			children = (
				77DBCAE1135B9A8A00A8BB0E /* Zap */,
				77DBCADB135B9A8A00A8BB0E /* Frameworks */,
				77DBCAD9135B9A8A00A8BB0E /* Products */,
			);
			sourceTree = "<group>";
		};
		77DBCAD9135B9A8A00A8BB0E /* Products */ = {
			isa = PBXGroup;
			children = (
				77DBCAD8135B9A8A00A8BB0E /* Zap.app */,
			);
			name = Products;
			sourceTree = "<group>";
		};
		77DBCADB135B9A8A00A8BB0E /* Frameworks */ = {
			isa = PBXGroup;
			children = (
				77CD7F57135C6EE200A59E03 /* Quartz.framework */,
				77DBCADC135B9A8A00A8BB0E /* Cocoa.framework */,
				77DBCADE135B9A8A00A8BB0E /* MacRuby.framework */,
				77EBE71A135D434300CDA456 /* Other Frameworks */,
			);
			name = Frameworks;
			sourceTree = "<group>";
		};
		77DBCAE1135B9A8A00A8BB0E /* Zap */ = {
			isa = PBXGroup;
			children = (
				77EBE728135D43A300CDA456 /* jalist */,
				779D33B4135BEDE500FE515D /* View */,
				779D33B1135BEAE900FE515D /* Mixin */,
				779D33AC135BDF9900FE515D /* Model */,
				779D33A0135B9E1A00FE515D /* Controller */,
				77DBCAF1135B9A8A00A8BB0E /* AppDelegate.rb */,
				77DBCAEA135B9A8A00A8BB0E /* Resources */,
				77DBCAEE135B9A8A00A8BB0E /* Other Sources */,
				77DBCAE2135B9A8A00A8BB0E /* Supporting Files */,
			);
			path = Zap;
			sourceTree = "<group>";
		};
		77DBCAE2135B9A8A00A8BB0E /* Supporting Files */ = {
			isa = PBXGroup;
			children = (
				77DBCAE3135B9A8A00A8BB0E /* Zap-Info.plist */,
				77DBCAE4135B9A8A00A8BB0E /* InfoPlist.strings */,
				77DBCAE7135B9A8A00A8BB0E /* Zap-Prefix.pch */,
				77DBCAE8135B9A8A00A8BB0E /* main.m */,
			);
			name = "Supporting Files";
			sourceTree = "<group>";
		};
		77DBCAEA135B9A8A00A8BB0E /* Resources */ = {
			isa = PBXGroup;
			children = (
				77BDB940135D4BC3009388DE /* jalist.bridgesupport */,
				77DBCAEB135B9A8A00A8BB0E /* MainMenu.xib */,
			);
			name = Resources;
			sourceTree = "<group>";
		};
		77DBCAEE135B9A8A00A8BB0E /* Other Sources */ = {
			isa = PBXGroup;
			children = (
				77DBCAEF135B9A8A00A8BB0E /* rb_main.rb */,
			);
			name = "Other Sources";
			sourceTree = "<group>";
		};
		77EBE71A135D434300CDA456 /* Other Frameworks */ = {
			isa = PBXGroup;
			children = (
				77EBE71B135D434300CDA456 /* AppKit.framework */,
				77EBE71C135D434300CDA456 /* CoreData.framework */,
				77EBE71D135D434300CDA456 /* Foundation.framework */,
			);
			name = "Other Frameworks";
			sourceTree = "<group>";
		};
		77EBE728135D43A300CDA456 /* jalist */ = {
			isa = PBXGroup;
			children = (
				77EBE729135D43A300CDA456 /* JAEdgeInsets.h */,
				77EBE72A135D43A300CDA456 /* JAListView.h */,
				77EBE72B135D43A300CDA456 /* JAListView.m */,
				77EBE72C135D43A300CDA456 /* JAListViewItem.h */,
				77EBE72D135D43A300CDA456 /* JAListViewItem.m */,
				77EBE72E135D43A300CDA456 /* JAObjectListView.h */,
				77EBE72F135D43A300CDA456 /* JAObjectListView.m */,
				77EBE730135D43A300CDA456 /* JAObjectListViewItem.h */,
				77EBE731135D43A300CDA456 /* JAObjectListViewItem.m */,
				77EBE732135D43A300CDA456 /* JASectionedListView.h */,
				77EBE733135D43A300CDA456 /* JASectionedListView.m */,
				77EBE734135D43A300CDA456 /* NSIndexPath+JAListViewExtensions.h */,
				77EBE735135D43A300CDA456 /* NSIndexPath+JAListViewExtensions.m */,
			);
			path = jalist;
			sourceTree = "<group>";
		};
/* End PBXGroup section */

/* Begin PBXHeadersBuildPhase section */
		77EBE70C135D425C00CDA456 /* Headers */ = {
			isa = PBXHeadersBuildPhase;
			buildActionMask = 2147483647;
			files = (
				77D91A4D135E85E000CDD4CC /* JAEdgeInsets.h in Headers */,
				77D91A4E135E85E000CDD4CC /* JAListView.h in Headers */,
				77D91A50135E85E000CDD4CC /* JAListViewItem.h in Headers */,
				77D91A52135E85E000CDD4CC /* JAObjectListView.h in Headers */,
				77D91A54135E85E000CDD4CC /* JAObjectListViewItem.h in Headers */,
				77D91A56135E85E000CDD4CC /* JASectionedListView.h in Headers */,
				77D91A58135E85E000CDD4CC /* NSIndexPath+JAListViewExtensions.h in Headers */,
			);
			runOnlyForDeploymentPostprocessing = 0;
		};
/* End PBXHeadersBuildPhase section */

/* Begin PBXLegacyTarget section */
		77DBCAE0135B9A8A00A8BB0E /* Deployment */ = {
			isa = PBXLegacyTarget;
			buildArgumentsString = "--compile --embed";
			buildConfigurationList = 77DBCAF8135B9A8A00A8BB0E /* Build configuration list for PBXLegacyTarget "Deployment" */;
			buildPhases = (
			);
			buildToolPath = /usr/local/bin/macruby_deploy;
			dependencies = (
			);
			name = Deployment;
			passBuildSettingsInEnvironment = 1;
			productName = Deployment;
		};
/* End PBXLegacyTarget section */

/* Begin PBXNativeTarget section */
		77DBCAD7135B9A8A00A8BB0E /* Zap */ = {
			isa = PBXNativeTarget;
			buildConfigurationList = 77DBCAF5135B9A8A00A8BB0E /* Build configuration list for PBXNativeTarget "Zap" */;
			buildPhases = (
				77DBCAD4135B9A8A00A8BB0E /* Sources */,
				77DBCAD5135B9A8A00A8BB0E /* Frameworks */,
				77DBCAD6135B9A8A00A8BB0E /* Resources */,
				77EBE70C135D425C00CDA456 /* Headers */,
			);
			buildRules = (
			);
			dependencies = (
			);
			name = Zap;
			productName = "Pow Link";
			productReference = 77DBCAD8135B9A8A00A8BB0E /* Zap.app */;
			productType = "com.apple.product-type.application";
		};
/* End PBXNativeTarget section */

/* Begin PBXProject section */
		77DBCACF135B9A8A00A8BB0E /* Project object */ = {
			isa = PBXProject;
			attributes = {
				ORGANIZATIONNAME = Chalk;
			};
			buildConfigurationList = 77DBCAD2135B9A8A00A8BB0E /* Build configuration list for PBXProject "Zap" */;
			compatibilityVersion = "Xcode 3.2";
			developmentRegion = English;
			hasScannedForEncodings = 0;
			knownRegions = (
				en,
			);
			mainGroup = 77DBCACD135B9A8A00A8BB0E;
			productRefGroup = 77DBCAD9135B9A8A00A8BB0E /* Products */;
			projectDirPath = "";
			projectRoot = "";
			targets = (
				77DBCAD7135B9A8A00A8BB0E /* Zap */,
				77DBCAE0135B9A8A00A8BB0E /* Deployment */,
			);
		};
/* End PBXProject section */

/* Begin PBXResourcesBuildPhase section */
		77DBCAD6135B9A8A00A8BB0E /* Resources */ = {
			isa = PBXResourcesBuildPhase;
			buildActionMask = 2147483647;
			files = (
				77DBCAE6135B9A8A00A8BB0E /* InfoPlist.strings in Resources */,
				77DBCAED135B9A8A00A8BB0E /* MainMenu.xib in Resources */,
				77DBCAF0135B9A8A00A8BB0E /* rb_main.rb in Resources */,
				77DBCAF2135B9A8A00A8BB0E /* AppDelegate.rb in Resources */,
				779D33A6135BA5C100FE515D /* MainViewController.rb in Resources */,
				779D33A8135BA6CA00FE515D /* MainViewController.xib in Resources */,
				779D33AE135BDFBC00FE515D /* AppState.rb in Resources */,
				779D33B0135BE03700FE515D /* RackApplication.rb in Resources */,
				779D33B3135BEB0600FE515D /* NSViewMixin.rb in Resources */,
				77CD7F5C135C702300A59E03 /* ApplicationListItemView.xib in Resources */,
				77BDB941135D4BC3009388DE /* jalist.bridgesupport in Resources */,
				77D91A63135E877100CDD4CC /* ApplicationListItemView.rb in Resources */,
				77D91A65135E995E00CDD4CC /* ApplicationListHeaderView.rb in Resources */,
				77D91A67135E99A700CDD4CC /* ApplicationListHeaderView.xib in Resources */,
			);
			runOnlyForDeploymentPostprocessing = 0;
		};
/* End PBXResourcesBuildPhase section */

/* Begin PBXSourcesBuildPhase section */
		77DBCAD4135B9A8A00A8BB0E /* Sources */ = {
			isa = PBXSourcesBuildPhase;
			buildActionMask = 2147483647;
			files = (
				77DBCAE9135B9A8A00A8BB0E /* main.m in Sources */,
				77D91A4F135E85E000CDD4CC /* JAListView.m in Sources */,
				77D91A51135E85E000CDD4CC /* JAListViewItem.m in Sources */,
				77D91A53135E85E000CDD4CC /* JAObjectListView.m in Sources */,
				77D91A55135E85E000CDD4CC /* JAObjectListViewItem.m in Sources */,
				77D91A57135E85E000CDD4CC /* JASectionedListView.m in Sources */,
				77D91A59135E85E000CDD4CC /* NSIndexPath+JAListViewExtensions.m in Sources */,
			);
			runOnlyForDeploymentPostprocessing = 0;
		};
/* End PBXSourcesBuildPhase section */

/* Begin PBXVariantGroup section */
		77DBCAE4135B9A8A00A8BB0E /* InfoPlist.strings */ = {
			isa = PBXVariantGroup;
			children = (
				77DBCAE5135B9A8A00A8BB0E /* en */,
			);
			name = InfoPlist.strings;
			sourceTree = "<group>";
		};
		77DBCAEB135B9A8A00A8BB0E /* MainMenu.xib */ = {
			isa = PBXVariantGroup;
			children = (
				77DBCAEC135B9A8A00A8BB0E /* en */,
			);
			name = MainMenu.xib;
			sourceTree = "<group>";
		};
/* End PBXVariantGroup section */

/* Begin XCBuildConfiguration section */
		77DBCAF3135B9A8A00A8BB0E /* Debug */ = {
			isa = XCBuildConfiguration;
			buildSettings = {
				ARCHS = "$(ARCHS_STANDARD_64_BIT)";
				GCC_C_LANGUAGE_STANDARD = gnu99;
				GCC_ENABLE_OBJC_GC = supported;
				GCC_OPTIMIZATION_LEVEL = 0;
				GCC_PREPROCESSOR_DEFINITIONS = DEBUG;
				GCC_SYMBOLS_PRIVATE_EXTERN = NO;
				GCC_VERSION = com.apple.compilers.llvm.clang.1_0;
				GCC_WARN_64_TO_32_BIT_CONVERSION = YES;
				GCC_WARN_ABOUT_RETURN_TYPE = YES;
				GCC_WARN_UNUSED_VARIABLE = YES;
				INFOPLIST_FILE = "Zap/Zap-Info.plist";
				MACOSX_DEPLOYMENT_TARGET = 10.6;
				ONLY_ACTIVE_ARCH = YES;
				PRODUCT_NAME = Zap;
				SDKROOT = macosx;
				VALID_ARCHS = x86_64;
			};
			name = Debug;
		};
		77DBCAF4135B9A8A00A8BB0E /* Release */ = {
			isa = XCBuildConfiguration;
			buildSettings = {
				ARCHS = "$(ARCHS_STANDARD_64_BIT)";
				GCC_C_LANGUAGE_STANDARD = gnu99;
				GCC_ENABLE_OBJC_GC = supported;
				GCC_VERSION = com.apple.compilers.llvm.clang.1_0;
				GCC_WARN_64_TO_32_BIT_CONVERSION = YES;
				GCC_WARN_ABOUT_RETURN_TYPE = YES;
				GCC_WARN_UNUSED_VARIABLE = YES;
				INFOPLIST_FILE = "Zap/Zap-Info.plist";
				MACOSX_DEPLOYMENT_TARGET = 10.6;
				PRODUCT_NAME = Zap;
				SDKROOT = macosx;
				VALID_ARCHS = x86_64;
			};
			name = Release;
		};
		77DBCAF6135B9A8A00A8BB0E /* Debug */ = {
			isa = XCBuildConfiguration;
			buildSettings = {
				ALWAYS_SEARCH_USER_PATHS = NO;
				COPY_PHASE_STRIP = NO;
				GCC_DYNAMIC_NO_PIC = NO;
				GCC_ENABLE_OBJC_EXCEPTIONS = YES;
				GCC_ENABLE_OBJC_GC = required;
				GCC_PRECOMPILE_PREFIX_HEADER = YES;
				GCC_PREFIX_HEADER = "Zap/Zap-Prefix.pch";
				INFOPLIST_FILE = "Zap/Zap-Info.plist";
				PRODUCT_NAME = "$(TARGET_NAME)";
				WRAPPER_EXTENSION = app;
			};
			name = Debug;
		};
		77DBCAF7135B9A8A00A8BB0E /* Release */ = {
			isa = XCBuildConfiguration;
			buildSettings = {
				ALWAYS_SEARCH_USER_PATHS = NO;
				COPY_PHASE_STRIP = YES;
				DEBUG_INFORMATION_FORMAT = "dwarf-with-dsym";
				GCC_ENABLE_OBJC_EXCEPTIONS = YES;
				GCC_ENABLE_OBJC_GC = required;
				GCC_PRECOMPILE_PREFIX_HEADER = YES;
				GCC_PREFIX_HEADER = "Zap/Zap-Prefix.pch";
				INFOPLIST_FILE = "Zap/Zap-Info.plist";
				PRODUCT_NAME = "$(TARGET_NAME)";
				WRAPPER_EXTENSION = app;
			};
			name = Release;
		};
		77DBCAF9135B9A8A00A8BB0E /* Debug */ = {
			isa = XCBuildConfiguration;
			buildSettings = {
			};
			name = Debug;
		};
		77DBCAFA135B9A8A00A8BB0E /* Release */ = {
			isa = XCBuildConfiguration;
			buildSettings = {
			};
			name = Release;
		};
/* End XCBuildConfiguration section */

/* Begin XCConfigurationList section */
		77DBCAD2135B9A8A00A8BB0E /* Build configuration list for PBXProject "Zap" */ = {
			isa = XCConfigurationList;
			buildConfigurations = (
				77DBCAF3135B9A8A00A8BB0E /* Debug */,
				77DBCAF4135B9A8A00A8BB0E /* Release */,
			);
			defaultConfigurationIsVisible = 0;
			defaultConfigurationName = Release;
		};
		77DBCAF5135B9A8A00A8BB0E /* Build configuration list for PBXNativeTarget "Zap" */ = {
			isa = XCConfigurationList;
			buildConfigurations = (
				77DBCAF6135B9A8A00A8BB0E /* Debug */,
				77DBCAF7135B9A8A00A8BB0E /* Release */,
			);
			defaultConfigurationIsVisible = 0;
			defaultConfigurationName = Release;
		};
		77DBCAF8135B9A8A00A8BB0E /* Build configuration list for PBXLegacyTarget "Deployment" */ = {
			isa = XCConfigurationList;
			buildConfigurations = (
				77DBCAF9135B9A8A00A8BB0E /* Debug */,
				77DBCAFA135B9A8A00A8BB0E /* Release */,
			);
			defaultConfigurationIsVisible = 0;
			defaultConfigurationName = Release;
		};
/* End XCConfigurationList section */
	};
	rootObject = 77DBCACF135B9A8A00A8BB0E /* Project object */;
}
