// !$*UTF8*$!
{
	archiveVersion = 1;
	classes = {
	};
	objectVersion = 46;
	objects = {

/* Begin PBXBuildFile section */
		77EBE7AB135D49BF00CDA456 /* Cocoa.framework in Frameworks */ = {isa = PBXBuildFile; fileRef = 77EBE7AA135D49BF00CDA456 /* Cocoa.framework */; };
		77EBE7B5135D49BF00CDA456 /* InfoPlist.strings in Resources */ = {isa = PBXBuildFile; fileRef = 77EBE7B3135D49BF00CDA456 /* InfoPlist.strings */; };
/* End PBXBuildFile section */

/* Begin PBXFileReference section */
		77EBE7A7135D49BF00CDA456 /* jalist.bundle */ = {isa = PBXFileReference; explicitFileType = wrapper.cfbundle; includeInIndex = 0; path = jalist.bundle; sourceTree = BUILT_PRODUCTS_DIR; };
		77EBE7AA135D49BF00CDA456 /* Cocoa.framework */ = {isa = PBXFileReference; lastKnownFileType = wrapper.framework; name = Cocoa.framework; path = System/Library/Frameworks/Cocoa.framework; sourceTree = SDKROOT; };
		77EBE7AD135D49BF00CDA456 /* AppKit.framework */ = {isa = PBXFileReference; lastKnownFileType = wrapper.framework; name = AppKit.framework; path = System/Library/Frameworks/AppKit.framework; sourceTree = SDKROOT; };
		77EBE7AE135D49BF00CDA456 /* CoreData.framework */ = {isa = PBXFileReference; lastKnownFileType = wrapper.framework; name = CoreData.framework; path = System/Library/Frameworks/CoreData.framework; sourceTree = SDKROOT; };
		77EBE7AF135D49BF00CDA456 /* Foundation.framework */ = {isa = PBXFileReference; lastKnownFileType = wrapper.framework; name = Foundation.framework; path = System/Library/Frameworks/Foundation.framework; sourceTree = SDKROOT; };
		77EBE7B2135D49BF00CDA456 /* jalist-Info.plist */ = {isa = PBXFileReference; path = "jalist-Info.plist"; sourceTree = "<group>"; };
		77EBE7B4135D49BF00CDA456 /* en */ = {isa = PBXFileReference; lastKnownFileType = text.plist.strings; name = en; path = en.lproj/InfoPlist.strings; sourceTree = "<group>"; };
		77EBE7B6135D49BF00CDA456 /* jalist-Prefix.pch */ = {isa = PBXFileReference; path = "jalist-Prefix.pch"; sourceTree = "<group>"; };
/* End PBXFileReference section */

/* Begin PBXFrameworksBuildPhase section */
		77EBE7A4135D49BF00CDA456 /* Frameworks */ = {
			isa = PBXFrameworksBuildPhase;
			buildActionMask = 2147483647;
			files = (
				77EBE7AB135D49BF00CDA456 /* Cocoa.framework in Frameworks */,
			);
			runOnlyForDeploymentPostprocessing = 0;
		};
/* End PBXFrameworksBuildPhase section */

/* Begin PBXGroup section */
		77EBE79C135D49BF00CDA456 = {
			isa = PBXGroup;
			children = (
				77EBE7B0135D49BF00CDA456 /* jalist */,
				77EBE7A9135D49BF00CDA456 /* Frameworks */,
				77EBE7A8135D49BF00CDA456 /* Products */,
			);
			sourceTree = "<group>";
		};
		77EBE7A8135D49BF00CDA456 /* Products */ = {
			isa = PBXGroup;
			children = (
				77EBE7A7135D49BF00CDA456 /* jalist.bundle */,
			);
			name = Products;
			sourceTree = "<group>";
		};
		77EBE7A9135D49BF00CDA456 /* Frameworks */ = {
			isa = PBXGroup;
			children = (
				77EBE7AA135D49BF00CDA456 /* Cocoa.framework */,
				77EBE7AC135D49BF00CDA456 /* Other Frameworks */,
			);
			name = Frameworks;
			sourceTree = "<group>";
		};
		77EBE7AC135D49BF00CDA456 /* Other Frameworks */ = {
			isa = PBXGroup;
			children = (
				77EBE7AD135D49BF00CDA456 /* AppKit.framework */,
				77EBE7AE135D49BF00CDA456 /* CoreData.framework */,
				77EBE7AF135D49BF00CDA456 /* Foundation.framework */,
			);
			name = "Other Frameworks";
			sourceTree = "<group>";
		};
		77EBE7B0135D49BF00CDA456 /* jalist */ = {
			isa = PBXGroup;
			children = (
				77EBE7B1135D49BF00CDA456 /* Supporting Files */,
			);
			path = jalist;
			sourceTree = "<group>";
		};
		77EBE7B1135D49BF00CDA456 /* Supporting Files */ = {
			isa = PBXGroup;
			children = (
				77EBE7B2135D49BF00CDA456 /* jalist-Info.plist */,
				77EBE7B3135D49BF00CDA456 /* InfoPlist.strings */,
				77EBE7B6135D49BF00CDA456 /* jalist-Prefix.pch */,
			);
			name = "Supporting Files";
			sourceTree = "<group>";
		};
/* End PBXGroup section */

/* Begin PBXNativeTarget section */
		77EBE7A6135D49BF00CDA456 /* jalist */ = {
			isa = PBXNativeTarget;
			buildConfigurationList = 77EBE7B9135D49BF00CDA456 /* Build configuration list for PBXNativeTarget "jalist" */;
			buildPhases = (
				77EBE7A3135D49BF00CDA456 /* Sources */,
				77EBE7A4135D49BF00CDA456 /* Frameworks */,
				77EBE7A5135D49BF00CDA456 /* Resources */,
			);
			buildRules = (
			);
			dependencies = (
			);
			name = jalist;
			productName = jalist;
			productReference = 77EBE7A7135D49BF00CDA456 /* jalist.bundle */;
			productType = "com.apple.product-type.bundle";
		};
/* End PBXNativeTarget section */

/* Begin PBXProject section */
		77EBE79E135D49BF00CDA456 /* Project object */ = {
			isa = PBXProject;
			buildConfigurationList = 77EBE7A1135D49BF00CDA456 /* Build configuration list for PBXProject "jalist" */;
			compatibilityVersion = "Xcode 3.2";
			developmentRegion = English;
			hasScannedForEncodings = 0;
			knownRegions = (
				en,
			);
			mainGroup = 77EBE79C135D49BF00CDA456;
			productRefGroup = 77EBE7A8135D49BF00CDA456 /* Products */;
			projectDirPath = "";
			projectRoot = "";
			targets = (
				77EBE7A6135D49BF00CDA456 /* jalist */,
			);
		};
/* End PBXProject section */

/* Begin PBXResourcesBuildPhase section */
		77EBE7A5135D49BF00CDA456 /* Resources */ = {
			isa = PBXResourcesBuildPhase;
			buildActionMask = 2147483647;
			files = (
				77EBE7B5135D49BF00CDA456 /* InfoPlist.strings in Resources */,
			);
			runOnlyForDeploymentPostprocessing = 0;
		};
/* End PBXResourcesBuildPhase section */

/* Begin PBXSourcesBuildPhase section */
		77EBE7A3135D49BF00CDA456 /* Sources */ = {
			isa = PBXSourcesBuildPhase;
			buildActionMask = 2147483647;
			files = (
			);
			runOnlyForDeploymentPostprocessing = 0;
		};
/* End PBXSourcesBuildPhase section */

/* Begin PBXVariantGroup section */
		77EBE7B3135D49BF00CDA456 /* InfoPlist.strings */ = {
			isa = PBXVariantGroup;
			children = (
				77EBE7B4135D49BF00CDA456 /* en */,
			);
			name = InfoPlist.strings;
			sourceTree = "<group>";
		};
/* End PBXVariantGroup section */

/* Begin XCBuildConfiguration section */
		77EBE7B7135D49BF00CDA456 /* Debug */ = {
			isa = XCBuildConfiguration;
			buildSettings = {
				ARCHS = "$(ARCHS_STANDARD_32_64_BIT)";
				GCC_C_LANGUAGE_STANDARD = gnu99;
				GCC_OPTIMIZATION_LEVEL = 0;
				GCC_PREPROCESSOR_DEFINITIONS = DEBUG;
				GCC_SYMBOLS_PRIVATE_EXTERN = NO;
				GCC_VERSION = com.apple.compilers.llvm.clang.1_0;
				GCC_WARN_64_TO_32_BIT_CONVERSION = YES;
				GCC_WARN_ABOUT_RETURN_TYPE = YES;
				GCC_WARN_UNUSED_VARIABLE = YES;
				MACOSX_DEPLOYMENT_TARGET = 10.6;
				ONLY_ACTIVE_ARCH = YES;
				SDKROOT = macosx;
			};
			name = Debug;
		};
		77EBE7B8135D49BF00CDA456 /* Release */ = {
			isa = XCBuildConfiguration;
			buildSettings = {
				ARCHS = "$(ARCHS_STANDARD_32_64_BIT)";
				GCC_C_LANGUAGE_STANDARD = gnu99;
				GCC_VERSION = com.apple.compilers.llvm.clang.1_0;
				GCC_WARN_64_TO_32_BIT_CONVERSION = YES;
				GCC_WARN_ABOUT_RETURN_TYPE = YES;
				GCC_WARN_UNUSED_VARIABLE = YES;
				MACOSX_DEPLOYMENT_TARGET = 10.6;
				SDKROOT = macosx;
			};
			name = Release;
		};
		77EBE7BA135D49BF00CDA456 /* Debug */ = {
			isa = XCBuildConfiguration;
			buildSettings = {
				ALWAYS_SEARCH_USER_PATHS = NO;
				COPY_PHASE_STRIP = NO;
				GCC_DYNAMIC_NO_PIC = NO;
				GCC_ENABLE_OBJC_EXCEPTIONS = YES;
				GCC_PRECOMPILE_PREFIX_HEADER = YES;
				GCC_PREFIX_HEADER = "jalist/jalist-Prefix.pch";
				INFOPLIST_FILE = "jalist/jalist-Info.plist";
				INSTALL_PATH = "$(LOCAL_LIBRARY_DIR)/Bundles";
				PRODUCT_NAME = "$(TARGET_NAME)";
				WRAPPER_EXTENSION = bundle;
			};
			name = Debug;
		};
		77EBE7BB135D49BF00CDA456 /* Release */ = {
			isa = XCBuildConfiguration;
			buildSettings = {
				ALWAYS_SEARCH_USER_PATHS = NO;
				COPY_PHASE_STRIP = YES;
				DEBUG_INFORMATION_FORMAT = "dwarf-with-dsym";
				GCC_ENABLE_OBJC_EXCEPTIONS = YES;
				GCC_PRECOMPILE_PREFIX_HEADER = YES;
				GCC_PREFIX_HEADER = "jalist/jalist-Prefix.pch";
				INFOPLIST_FILE = "jalist/jalist-Info.plist";
				INSTALL_PATH = "$(LOCAL_LIBRARY_DIR)/Bundles";
				PRODUCT_NAME = "$(TARGET_NAME)";
				WRAPPER_EXTENSION = bundle;
			};
			name = Release;
		};
/* End XCBuildConfiguration section */

/* Begin XCConfigurationList section */
		77EBE7A1135D49BF00CDA456 /* Build configuration list for PBXProject "jalist" */ = {
			isa = XCConfigurationList;
			buildConfigurations = (
				77EBE7B7135D49BF00CDA456 /* Debug */,
				77EBE7B8135D49BF00CDA456 /* Release */,
			);
			defaultConfigurationIsVisible = 0;
			defaultConfigurationName = Release;
		};
		77EBE7B9135D49BF00CDA456 /* Build configuration list for PBXNativeTarget "jalist" */ = {
			isa = XCConfigurationList;
			buildConfigurations = (
				77EBE7BA135D49BF00CDA456 /* Debug */,
				77EBE7BB135D49BF00CDA456 /* Release */,
			);
			defaultConfigurationIsVisible = 0;
		};
/* End XCConfigurationList section */
	};
	rootObject = 77EBE79E135D49BF00CDA456 /* Project object */;
}
